github.com/ShadowDash2000/howlongtobeat v1.1.14 h1:j7bdUvvxAGAkmH05wyAo3K0JQNaZ87znauHuDYr5IrI=
github.com/ShadowDash2000/howlongtobeat v1.1.14/go.mod h1:Z/CJ/TemSQuVIb7jz80bJvyyzwnTydb5Lmw1sqcGNF8=
golang.org/x/time v0.15.0 h1:bbrp8t3bGUeFOx08pvsMYRTCVSMk89u4tKbNOZbp88U=
golang.org/x/time v0.15.0/go.mod h1:Y4YMaQmXwGQZoFaVFk4YpCt4FLQMYKZe9oeV/f4MSno=
