github.com/ShadowDash2000/howlongtobeat v1.1.12 h1:Sx0n6n8jIv5oSx5uAV/BxVuSH39rM1fQbm3F46kpnOE=
github.com/ShadowDash2000/howlongtobeat v1.1.12/go.mod h1:sDwOgNGkztFkHhN9mpikXPMcRML2x/IocgiXlVg5oNo=
golang.org/x/time v0.15.0 h1:bbrp8t3bGUeFOx08pvsMYRTCVSMk89u4tKbNOZbp88U=
golang.org/x/time v0.15.0/go.mod h1:Y4YMaQmXwGQZoFaVFk4YpCt4FLQMYKZe9oeV/f4MSno=
